
Microsoft Visual Studio Solution File, Format Version 12.00
# Visual Studio Version 16
VisualStudioVersion = 16.0.29806.167
MinimumVisualStudioVersion = 10.0.40219.1
Project("{FAE04EC0-301F-11D3-BF4B-00C04F79EFBC}") = "Homeworks3", "Homeworks3\Homeworks3.csproj", "{6E0F392B-00E0-4D5F-B9B7-F16DB7C7C07F}"
EndProject
Global
	GlobalSection(SolutionConfigurationPlatforms) = preSolution
		Debug|Any CPU = Debug|Any CPU
		Release|Any CPU = Release|Any CPU
	EndGlobalSection
	GlobalSection(ProjectConfigurationPlatforms) = postSolution
		{6E0F392B-00E0-4D5F-B9B7-F16DB7C7C07F}.Debug|Any CPU.ActiveCfg = Debug|Any CPU
		{6E0F392B-00E0-4D5F-B9B7-F16DB7C7C07F}.Debug|Any CPU.Build.0 = Debug|Any CPU
		{6E0F392B-00E0-4D5F-B9B7-F16DB7C7C07F}.Release|Any CPU.ActiveCfg = Release|Any CPU
		{6E0F392B-00E0-4D5F-B9B7-F16DB7C7C07F}.Release|Any CPU.Build.0 = Release|Any CPU
	EndGlobalSection
	GlobalSection(SolutionProperties) = preSolution
		HideSolutionNode = FALSE
	EndGlobalSection
	GlobalSection(ExtensibilityGlobals) = postSolution
		SolutionGuid = {D7A8FCA9-62DD-4311-B001-82FECB294753}
	EndGlobalSection
EndGlobal
